{
  "originHash" : "4910d78768f87f765042d9b2dc7edad4dd07510e80a98b70ce737df841b83b7d",
  "pins" : [
    {
      "identity" : "collectionkit",
      "kind" : "remoteSourceControl",
      "location" : "https://github.com/apparata/CollectionKit",
      "state" : {
        "revision" : "4d1df096469ffce86336896d79d8fe8d5870aa24",
        "version" : "0.2.2"
      }
    },
    {
      "identity" : "systemkit",
      "kind" : "remoteSourceControl",
      "location" : "https://github.com/apparata/SystemKit",
      "state" : {
        "revision" : "f68baaf9078c2a3aa503b00fd46fbcb243617933",
        "version" : "1.7.0"
      }
    },
    {
      "identity" : "templatekit",
      "kind" : "remoteSourceControl",
      "location" : "https://github.com/apparata/TemplateKit.git",
      "state" : {
        "revision" : "82c12b9e275fc93c56315bf7def6424b7ac1d12c",
        "version" : "0.7.2"
      }
    },
    {
      "identity" : "texttoolbox",
      "kind" : "remoteSourceControl",
      "location" : "https://github.com/apparata/TextToolbox",
      "state" : {
        "revision" : "e07cd04405fcd0f315961cfc6ea427a609f6452d",
        "version" : "1.2.0"
      }
    }
  ],
  "version" : 3
}
